
Microsoft Visual Studio Solution File, Format Version 12.00
# Visual Studio Version 17
VisualStudioVersion = 17.3.32804.467
MinimumVisualStudioVersion = 10.0.40219.1
Project("{FAE04EC0-301F-11D3-BF4B-00C04F79EFBC}") = "ProgrammingConstucts", "ProgrammingConstucts\ProgrammingConstucts.csproj", "{A5AD3B97-255C-49EE-BC41-0510FEB935D0}"
EndProject
Global
	GlobalSection(SolutionConfigurationPlatforms) = preSolution
		Debug|Any CPU = Debug|Any CPU
		Release|Any CPU = Release|Any CPU
	EndGlobalSection
	GlobalSection(ProjectConfigurationPlatforms) = postSolution
		{A5AD3B97-255C-49EE-BC41-0510FEB935D0}.Debug|Any CPU.ActiveCfg = Debug|Any CPU
		{A5AD3B97-255C-49EE-BC41-0510FEB935D0}.Debug|Any CPU.Build.0 = Debug|Any CPU
		{A5AD3B97-255C-49EE-BC41-0510FEB935D0}.Release|Any CPU.ActiveCfg = Release|Any CPU
		{A5AD3B97-255C-49EE-BC41-0510FEB935D0}.Release|Any CPU.Build.0 = Release|Any CPU
	EndGlobalSection
	GlobalSection(SolutionProperties) = preSolution
		HideSolutionNode = FALSE
	EndGlobalSection
	GlobalSection(ExtensibilityGlobals) = postSolution
		SolutionGuid = {1081869B-95CD-4C9A-A620-E5F83DCE1C64}
	EndGlobalSection
EndGlobal
